
Microsoft Visual Studio Solution File, Format Version 12.00
Project("{2150E333-8FDC-42A3-9474-1A3956D46DE8}") = "OS-Linux-basic-02", "OS-Linux-basic-02", "{FB3323FC-5CE3-4B93-9808-970CA9578748}"
	ProjectSection(SolutionItems) = preProject
		OS-Linux-basic-02\linux-file-system.md = OS-Linux-basic-02\linux-file-system.md
		OS-Linux-basic-02\cli.md = OS-Linux-basic-02\cli.md
		OS-Linux-basic-02\cli-basic-part2.md = OS-Linux-basic-02\cli-basic-part2.md
		OS-Linux-basic-02\package-manager-07.md = OS-Linux-basic-02\package-manager-07.md
		OS-Linux-basic-02\vim-editor-08.md = OS-Linux-basic-02\vim-editor-08.md
		OS-Linux-basic-02\linux-accont-groups-part1-09.md = OS-Linux-basic-02\linux-accont-groups-part1-09.md
		OS-Linux-basic-02\file-onvership-permision-part2-10.md = OS-Linux-basic-02\file-onvership-permision-part2-10.md
		OS-Linux-basic-02\linux-basic-commands-pipes-redirects-part3-11.md = OS-Linux-basic-02\linux-basic-commands-pipes-redirects-part3-11.md
		OS-Linux-basic-02\shell-scriptiong-part1-12.md = OS-Linux-basic-02\shell-scriptiong-part1-12.md
		OS-Linux-basic-02\shell-scriptiong-part2-13.md = OS-Linux-basic-02\shell-scriptiong-part2-13.md
		OS-Linux-basic-02\setup.sh = OS-Linux-basic-02\setup.sh
		OS-Linux-basic-02\setup2.sh = OS-Linux-basic-02\setup2.sh
		OS-Linux-basic-02\setup3.sh = OS-Linux-basic-02\setup3.sh
		OS-Linux-basic-02\setup-loop.sh = OS-Linux-basic-02\setup-loop.sh
		OS-Linux-basic-02\shell-scripting-part3-functions.md = OS-Linux-basic-02\shell-scripting-part3-functions.md
		OS-Linux-basic-02\function.sh = OS-Linux-basic-02\function.sh
		OS-Linux-basic-02\environment-variable-15.md = OS-Linux-basic-02\environment-variable-15.md
		OS-Linux-basic-02\simple-program.sh = OS-Linux-basic-02\simple-program.sh
		OS-Linux-basic-02\networking-16.md = OS-Linux-basic-02\networking-16.md
		OS-Linux-basic-02\img.png = OS-Linux-basic-02\img.png
		OS-Linux-basic-02\img_1.png = OS-Linux-basic-02\img_1.png
		OS-Linux-basic-02\img_2.png = OS-Linux-basic-02\img_2.png
		OS-Linux-basic-02\ssh-secure-shell.md = OS-Linux-basic-02\ssh-secure-shell.md
		OS-Linux-basic-02\remote-test.sh = OS-Linux-basic-02\remote-test.sh
	EndProjectSection
EndProject
Project("{2150E333-8FDC-42A3-9474-1A3956D46DE8}") = "img", "img", "{6E8E9F70-45C0-4FBC-A656-5A3BCA2A3E94}"
	ProjectSection(SolutionItems) = preProject
		OS-Linux-basic-02\img\cat-to-less.png = OS-Linux-basic-02\img\cat-to-less.png
		OS-Linux-basic-02\img\file-permision.png = OS-Linux-basic-02\img\file-permision.png
		OS-Linux-basic-02\img\variables-os.png = OS-Linux-basic-02\img\variables-os.png
	EndProjectSection
EndProject
Project("{2150E333-8FDC-42A3-9474-1A3956D46DE8}") = "Git-03", "Git-03", "{F34DE35E-50B3-48EC-81FC-3F6F56B4D819}"
	ProjectSection(SolutionItems) = preProject
		Git-03\03 - Git Checklist.pdf = Git-03\03 - Git Checklist.pdf
		Git-03\general.md = Git-03\general.md
		Git-03\img.png = Git-03\img.png
		Git-03\img_1.png = Git-03\img_1.png
		Git-03\img_2.png = Git-03\img_2.png
		Git-03\git_init_from_local-05.md = Git-03\git_init_from_local-05.md
	EndProjectSection
EndProject
Project("{2150E333-8FDC-42A3-9474-1A3956D46DE8}") = "Databases", "Databases", "{D0E681E4-1B94-484B-9910-A25D6AF71258}"
	ProjectSection(SolutionItems) = preProject
		Databases\03.Bonus - Databases Handout.pdf = Databases\03.Bonus - Databases Handout.pdf
		Databases\Databases.md = Databases\Databases.md
	EndProjectSection
EndProject
Project("{2150E333-8FDC-42A3-9474-1A3956D46DE8}") = "Package-manager-04", "Package-manager-04", "{559F10D6-4E85-4C06-904B-1381D4CA38BA}"
	ProjectSection(SolutionItems) = preProject
		Package-manager-04\build_tool.md = Package-manager-04\build_tool.md
		Package-manager-04\04 - Build Tools Checklist.pdf = Package-manager-04\04 - Build Tools Checklist.pdf
		Package-manager-04\04 - Build Tools Handout.pdf = Package-manager-04\04 - Build Tools Handout.pdf
		Package-manager-04\img_1.png = Package-manager-04\img_1.png
		Package-manager-04\img.png = Package-manager-04\img.png
	EndProjectSection
EndProject
Project("{2150E333-8FDC-42A3-9474-1A3956D46DE8}") = "Cloud-infra-05", "Cloud-infra-05", "{C62F8A30-D000-47F2-B952-E49F34BAD417}"
	ProjectSection(SolutionItems) = preProject
		Cloud-infra-05\2 - Study Guide DevOps Fundamentals.pdf = Cloud-infra-05\2 - Study Guide DevOps Fundamentals.pdf
		Cloud-infra-05\05 - Cloud & IaaS Basics Checklist.pdf = Cloud-infra-05\05 - Cloud & IaaS Basics Checklist.pdf
		Cloud-infra-05\intro.md = Cloud-infra-05\intro.md
	EndProjectSection
EndProject
Project("{2150E333-8FDC-42A3-9474-1A3956D46DE8}") = "Artifact-repo-manager-nexus-06", "Artifact-repo-manager-nexus-06", "{56FABB27-8ECD-412E-9054-F2B6263CF68B}"
	ProjectSection(SolutionItems) = preProject
		Artifact-repo-manager-nexus-06\06 - Nexus Handout.pdf = Artifact-repo-manager-nexus-06\06 - Nexus Handout.pdf
		Artifact-repo-manager-nexus-06\06 - Nexus Checklist.pdf = Artifact-repo-manager-nexus-06\06 - Nexus Checklist.pdf
		Artifact-repo-manager-nexus-06\intro.md = Artifact-repo-manager-nexus-06\intro.md
		Artifact-repo-manager-nexus-06\img.png = Artifact-repo-manager-nexus-06\img.png
	EndProjectSection
EndProject
Project("{2150E333-8FDC-42A3-9474-1A3956D46DE8}") = "Container-with-docker-07", "Container-with-docker-07", "{3CB700C1-6267-429A-864E-FECD2E801B1D}"
	ProjectSection(SolutionItems) = preProject
		Container-with-docker-07\07 - Docker Handout.pdf = Container-with-docker-07\07 - Docker Handout.pdf
		Container-with-docker-07\07 - Docker Checklist.pdf = Container-with-docker-07\07 - Docker Checklist.pdf
		Container-with-docker-07\intro.md = Container-with-docker-07\intro.md
	EndProjectSection
EndProject
Project("{2150E333-8FDC-42A3-9474-1A3956D46DE8}") = "Build-automation-Jenkins-08", "Build-automation-Jenkins-08", "{5CBD07DC-A44D-4646-8227-25D77F768AF9}"
	ProjectSection(SolutionItems) = preProject
		Build-automation-Jenkins-08\intro.md = Build-automation-Jenkins-08\intro.md
		Build-automation-Jenkins-08\08 - Jenkins Handout.pdf = Build-automation-Jenkins-08\08 - Jenkins Handout.pdf
		Build-automation-Jenkins-08\08 - Jenkins Checklist.pdf = Build-automation-Jenkins-08\08 - Jenkins Checklist.pdf
		Build-automation-Jenkins-08\pipeline-job.md = Build-automation-Jenkins-08\pipeline-job.md
	EndProjectSection
EndProject
Global
	GlobalSection(SolutionConfigurationPlatforms) = preSolution
		Debug|Any CPU = Debug|Any CPU
		Release|Any CPU = Release|Any CPU
	EndGlobalSection
	GlobalSection(NestedProjects) = preSolution
		{6E8E9F70-45C0-4FBC-A656-5A3BCA2A3E94} = {FB3323FC-5CE3-4B93-9808-970CA9578748}
	EndGlobalSection
EndGlobal
